
Microsoft Visual Studio Solution File, Format Version 12.00
# Visual Studio Version 16
VisualStudioVersion = 16.0.29519.181
MinimumVisualStudioVersion = 10.0.40219.1
Project("{FAE04EC0-301F-11D3-BF4B-00C04F79EFBC}") = "LocalisationDemo", "LocalisationDemo\LocalisationDemo.csproj", "{8DAB1939-F1BA-4CA1-AEE6-3550E82C38B3}"
EndProject
Global
	GlobalSection(SolutionConfigurationPlatforms) = preSolution
		Debug|Any CPU = Debug|Any CPU
		Release|Any CPU = Release|Any CPU
	EndGlobalSection
	GlobalSection(ProjectConfigurationPlatforms) = postSolution
		{8DAB1939-F1BA-4CA1-AEE6-3550E82C38B3}.Debug|Any CPU.ActiveCfg = Debug|Any CPU
		{8DAB1939-F1BA-4CA1-AEE6-3550E82C38B3}.Debug|Any CPU.Build.0 = Debug|Any CPU
		{8DAB1939-F1BA-4CA1-AEE6-3550E82C38B3}.Release|Any CPU.ActiveCfg = Release|Any CPU
		{8DAB1939-F1BA-4CA1-AEE6-3550E82C38B3}.Release|Any CPU.Build.0 = Release|Any CPU
	EndGlobalSection
	GlobalSection(SolutionProperties) = preSolution
		HideSolutionNode = FALSE
	EndGlobalSection
	GlobalSection(ExtensibilityGlobals) = postSolution
		SolutionGuid = {49D41B04-9265-4D0F-B731-0E8D9FF278C2}
	EndGlobalSection
EndGlobal
